
Microsoft Visual Studio Solution File, Format Version 12.00
# Visual Studio Version 17
VisualStudioVersion = 17.4.33213.308
MinimumVisualStudioVersion = 10.0.40219.1
Project("{FAE04EC0-301F-11D3-BF4B-00C04F79EFBC}") = "PopovLaba3", "PopovLaba3.csproj", "{BB6E8FE1-84C5-44F4-B25D-C628ED43F403}"
EndProject
Project("{FAE04EC0-301F-11D3-BF4B-00C04F79EFBC}") = "UnitTestPopovLaba", "Tests\UnitTestPopovLaba\UnitTestPopovLaba.csproj", "{2D386E65-6D88-4696-B575-E51A6C278026}"
EndProject
Global
	GlobalSection(SolutionConfigurationPlatforms) = preSolution
		Debug|Any CPU = Debug|Any CPU
		Release|Any CPU = Release|Any CPU
	EndGlobalSection
	GlobalSection(ProjectConfigurationPlatforms) = postSolution
		{BB6E8FE1-84C5-44F4-B25D-C628ED43F403}.Debug|Any CPU.ActiveCfg = Debug|Any CPU
		{BB6E8FE1-84C5-44F4-B25D-C628ED43F403}.Debug|Any CPU.Build.0 = Debug|Any CPU
		{BB6E8FE1-84C5-44F4-B25D-C628ED43F403}.Release|Any CPU.ActiveCfg = Release|Any CPU
		{BB6E8FE1-84C5-44F4-B25D-C628ED43F403}.Release|Any CPU.Build.0 = Release|Any CPU
		{2D386E65-6D88-4696-B575-E51A6C278026}.Debug|Any CPU.ActiveCfg = Debug|Any CPU
		{2D386E65-6D88-4696-B575-E51A6C278026}.Debug|Any CPU.Build.0 = Debug|Any CPU
		{2D386E65-6D88-4696-B575-E51A6C278026}.Release|Any CPU.ActiveCfg = Release|Any CPU
		{2D386E65-6D88-4696-B575-E51A6C278026}.Release|Any CPU.Build.0 = Release|Any CPU
	EndGlobalSection
	GlobalSection(SolutionProperties) = preSolution
		HideSolutionNode = FALSE
	EndGlobalSection
	GlobalSection(ExtensibilityGlobals) = postSolution
		SolutionGuid = {A026E4DF-DAF6-450A-8056-16343A196509}
	EndGlobalSection
EndGlobal
